
Microsoft Visual Studio Solution File, Format Version 12.00
# Visual Studio Version 17
VisualStudioVersion = 17.1.32319.34
MinimumVisualStudioVersion = 10.0.40219.1
Project("{FAE04EC0-301F-11D3-BF4B-00C04F79EFBC}") = "BS.API", "BS.API\BS.API.csproj", "{1B5D24DA-9141-4E70-BA45-EEBE656FB06C}"
EndProject
Project("{FAE04EC0-301F-11D3-BF4B-00C04F79EFBC}") = "BS.DataLayer", "BS.DataLayer\BS.DataLayer.csproj", "{A418CEFE-DCB0-41DD-BEDF-E0C6CA6D659F}"
EndProject
Global
	GlobalSection(SolutionConfigurationPlatforms) = preSolution
		Debug|Any CPU = Debug|Any CPU
		Release|Any CPU = Release|Any CPU
	EndGlobalSection
	GlobalSection(ProjectConfigurationPlatforms) = postSolution
		{1B5D24DA-9141-4E70-BA45-EEBE656FB06C}.Debug|Any CPU.ActiveCfg = Debug|Any CPU
		{1B5D24DA-9141-4E70-BA45-EEBE656FB06C}.Debug|Any CPU.Build.0 = Debug|Any CPU
		{1B5D24DA-9141-4E70-BA45-EEBE656FB06C}.Release|Any CPU.ActiveCfg = Release|Any CPU
		{1B5D24DA-9141-4E70-BA45-EEBE656FB06C}.Release|Any CPU.Build.0 = Release|Any CPU
		{A418CEFE-DCB0-41DD-BEDF-E0C6CA6D659F}.Debug|Any CPU.ActiveCfg = Debug|Any CPU
		{A418CEFE-DCB0-41DD-BEDF-E0C6CA6D659F}.Debug|Any CPU.Build.0 = Debug|Any CPU
		{A418CEFE-DCB0-41DD-BEDF-E0C6CA6D659F}.Release|Any CPU.ActiveCfg = Release|Any CPU
		{A418CEFE-DCB0-41DD-BEDF-E0C6CA6D659F}.Release|Any CPU.Build.0 = Release|Any CPU
	EndGlobalSection
	GlobalSection(SolutionProperties) = preSolution
		HideSolutionNode = FALSE
	EndGlobalSection
	GlobalSection(ExtensibilityGlobals) = postSolution
		SolutionGuid = {E155E201-34EA-440A-8824-EAF9801041BD}
	EndGlobalSection
EndGlobal
